
Microsoft Visual Studio Solution File, Format Version 12.00
Project("{FAE04EC0-301F-11D3-BF4B-00C04F79EFBC}") = "BlazorApp1", "BlazorApp1\BlazorApp1.csproj", "{F613D091-4939-4EE6-B253-69C917943117}"
EndProject
Global
	GlobalSection(SolutionConfigurationPlatforms) = preSolution
		Debug|Any CPU = Debug|Any CPU
		Release|Any CPU = Release|Any CPU
	EndGlobalSection
	GlobalSection(ProjectConfigurationPlatforms) = postSolution
		{F613D091-4939-4EE6-B253-69C917943117}.Debug|Any CPU.ActiveCfg = Debug|Any CPU
		{F613D091-4939-4EE6-B253-69C917943117}.Debug|Any CPU.Build.0 = Debug|Any CPU
		{F613D091-4939-4EE6-B253-69C917943117}.Release|Any CPU.ActiveCfg = Release|Any CPU
		{F613D091-4939-4EE6-B253-69C917943117}.Release|Any CPU.Build.0 = Release|Any CPU
	EndGlobalSection
EndGlobal
